
Microsoft Visual Studio Solution File, Format Version 12.00
# Visual Studio 15
VisualStudioVersion = 15.0.27703.2035
MinimumVisualStudioVersion = 10.0.40219.1
Project("{FAE04EC0-301F-11D3-BF4B-00C04F79EFBC}") = "RIME", "RIME\RIME.csproj", "{2D927E37-506E-44F1-A22E-A948B040B295}"
EndProject
Global
	GlobalSection(SolutionConfigurationPlatforms) = preSolution
		Debug|Any CPU = Debug|Any CPU
		Release|Any CPU = Release|Any CPU
	EndGlobalSection
	GlobalSection(ProjectConfigurationPlatforms) = postSolution
		{2D927E37-506E-44F1-A22E-A948B040B295}.Debug|Any CPU.ActiveCfg = Debug|Any CPU
		{2D927E37-506E-44F1-A22E-A948B040B295}.Debug|Any CPU.Build.0 = Debug|Any CPU
		{2D927E37-506E-44F1-A22E-A948B040B295}.Release|Any CPU.ActiveCfg = Release|Any CPU
		{2D927E37-506E-44F1-A22E-A948B040B295}.Release|Any CPU.Build.0 = Release|Any CPU
	EndGlobalSection
	GlobalSection(SolutionProperties) = preSolution
		HideSolutionNode = FALSE
	EndGlobalSection
	GlobalSection(ExtensibilityGlobals) = postSolution
		SolutionGuid = {C106158D-B8D5-47B1-B112-80901CE25E58}
	EndGlobalSection
EndGlobal
