
Microsoft Visual Studio Solution File, Format Version 12.00
# Visual Studio 15
VisualStudioVersion = 15.0.27703.2035
MinimumVisualStudioVersion = 10.0.40219.1
Project("{FAE04EC0-301F-11D3-BF4B-00C04F79EFBC}") = "ParametersBox", "ParametersBox\ParametersBox.csproj", "{6CD9402E-6C9D-417E-877E-3C61AEA26F17}"
EndProject
Global
	GlobalSection(SolutionConfigurationPlatforms) = preSolution
		Debug|Any CPU = Debug|Any CPU
		Release|Any CPU = Release|Any CPU
	EndGlobalSection
	GlobalSection(ProjectConfigurationPlatforms) = postSolution
		{6CD9402E-6C9D-417E-877E-3C61AEA26F17}.Debug|Any CPU.ActiveCfg = Debug|Any CPU
		{6CD9402E-6C9D-417E-877E-3C61AEA26F17}.Debug|Any CPU.Build.0 = Debug|Any CPU
		{6CD9402E-6C9D-417E-877E-3C61AEA26F17}.Release|Any CPU.ActiveCfg = Release|Any CPU
		{6CD9402E-6C9D-417E-877E-3C61AEA26F17}.Release|Any CPU.Build.0 = Release|Any CPU
	EndGlobalSection
	GlobalSection(SolutionProperties) = preSolution
		HideSolutionNode = FALSE
	EndGlobalSection
	GlobalSection(ExtensibilityGlobals) = postSolution
		SolutionGuid = {3283E820-EA32-4AC3-9B27-118EE934674B}
	EndGlobalSection
EndGlobal
