
Microsoft Visual Studio Solution File, Format Version 12.00
# Visual Studio 15
VisualStudioVersion = 15.0.27703.2047
MinimumVisualStudioVersion = 10.0.40219.1
Project("{FAE04EC0-301F-11D3-BF4B-00C04F79EFBC}") = "JSTKK", "JSTKK\JSTKK.csproj", "{D7EE7158-E736-4EC5-B4B0-4F2561CD0D54}"
EndProject
Global
	GlobalSection(SolutionConfigurationPlatforms) = preSolution
		Debug|Any CPU = Debug|Any CPU
		Release|Any CPU = Release|Any CPU
	EndGlobalSection
	GlobalSection(ProjectConfigurationPlatforms) = postSolution
		{D7EE7158-E736-4EC5-B4B0-4F2561CD0D54}.Debug|Any CPU.ActiveCfg = Debug|Any CPU
		{D7EE7158-E736-4EC5-B4B0-4F2561CD0D54}.Debug|Any CPU.Build.0 = Debug|Any CPU
		{D7EE7158-E736-4EC5-B4B0-4F2561CD0D54}.Release|Any CPU.ActiveCfg = Release|Any CPU
		{D7EE7158-E736-4EC5-B4B0-4F2561CD0D54}.Release|Any CPU.Build.0 = Release|Any CPU
	EndGlobalSection
	GlobalSection(SolutionProperties) = preSolution
		HideSolutionNode = FALSE
	EndGlobalSection
	GlobalSection(ExtensibilityGlobals) = postSolution
		SolutionGuid = {D5C4376C-68AA-4E9F-BF53-249DD8357D77}
	EndGlobalSection
EndGlobal
