
Microsoft Visual Studio Solution File, Format Version 12.00
# Visual Studio 15
VisualStudioVersion = 15.0.27703.2047
MinimumVisualStudioVersion = 10.0.40219.1
Project("{FAE04EC0-301F-11D3-BF4B-00C04F79EFBC}") = "PROPY", "PROPY\PROPY.csproj", "{45E92E97-6BC1-4688-974D-412B0B3EEDCF}"
EndProject
Global
	GlobalSection(SolutionConfigurationPlatforms) = preSolution
		Debug|Any CPU = Debug|Any CPU
		Release|Any CPU = Release|Any CPU
	EndGlobalSection
	GlobalSection(ProjectConfigurationPlatforms) = postSolution
		{45E92E97-6BC1-4688-974D-412B0B3EEDCF}.Debug|Any CPU.ActiveCfg = Debug|Any CPU
		{45E92E97-6BC1-4688-974D-412B0B3EEDCF}.Debug|Any CPU.Build.0 = Debug|Any CPU
		{45E92E97-6BC1-4688-974D-412B0B3EEDCF}.Release|Any CPU.ActiveCfg = Release|Any CPU
		{45E92E97-6BC1-4688-974D-412B0B3EEDCF}.Release|Any CPU.Build.0 = Release|Any CPU
	EndGlobalSection
	GlobalSection(SolutionProperties) = preSolution
		HideSolutionNode = FALSE
	EndGlobalSection
	GlobalSection(ExtensibilityGlobals) = postSolution
		SolutionGuid = {F248A698-6341-499B-8A01-05F1B29690A6}
	EndGlobalSection
EndGlobal
