
Microsoft Visual Studio Solution File, Format Version 12.00
# Visual Studio 15
VisualStudioVersion = 15.0.27703.2042
MinimumVisualStudioVersion = 10.0.40219.1
Project("{FAE04EC0-301F-11D3-BF4B-00C04F79EFBC}") = "JGNV", "JGNV\JGNV.csproj", "{2A097C74-0D07-4B4D-A111-D43872B06407}"
EndProject
Global
	GlobalSection(SolutionConfigurationPlatforms) = preSolution
		Debug|Any CPU = Debug|Any CPU
		Release|Any CPU = Release|Any CPU
	EndGlobalSection
	GlobalSection(ProjectConfigurationPlatforms) = postSolution
		{2A097C74-0D07-4B4D-A111-D43872B06407}.Debug|Any CPU.ActiveCfg = Debug|Any CPU
		{2A097C74-0D07-4B4D-A111-D43872B06407}.Debug|Any CPU.Build.0 = Debug|Any CPU
		{2A097C74-0D07-4B4D-A111-D43872B06407}.Release|Any CPU.ActiveCfg = Release|Any CPU
		{2A097C74-0D07-4B4D-A111-D43872B06407}.Release|Any CPU.Build.0 = Release|Any CPU
	EndGlobalSection
	GlobalSection(SolutionProperties) = preSolution
		HideSolutionNode = FALSE
	EndGlobalSection
	GlobalSection(ExtensibilityGlobals) = postSolution
		SolutionGuid = {AB2ABB91-5D69-432D-98E1-71893AE5DAD0}
	EndGlobalSection
EndGlobal
